
Microsoft Visual Studio Solution File, Format Version 12.00
# Visual Studio 14
VisualStudioVersion = 14.0.25420.1
MinimumVisualStudioVersion = 10.0.40219.1
Project("{FAE04EC0-301F-11D3-BF4B-00C04F79EFBC}") = "Ghostware.GPS.NET.Console", "Ghostware.GPS.NET.Console\Ghostware.GPS.NET.Console.csproj", "{D75428E8-CF1A-4B5A-8ECC-0F82C8A43DFC}"
EndProject
Project("{FAE04EC0-301F-11D3-BF4B-00C04F79EFBC}") = "Ghostware.GPS.NET", "Ghostware.GPS.NET\Ghostware.GPS.NET.csproj", "{CFBDB710-C75D-4DDF-94D2-8855FA6F9F07}"
EndProject
Project("{FAE04EC0-301F-11D3-BF4B-00C04F79EFBC}") = "Ghostware.GPSDTestApplication", "Ghostware.GPSDTestApplication\Ghostware.GPSDTestApplication.csproj", "{8743B04E-A244-4FCD-A78A-BED5C66033D9}"
EndProject
Project("{FAE04EC0-301F-11D3-BF4B-00C04F79EFBC}") = "Ghostware.GPSDTestConsole", "Ghostware.GPSDTestConsole\Ghostware.GPSDTestConsole.csproj", "{A5ABDCCF-ECA9-4C69-9B89-63C4432D9E07}"
EndProject
Project("{FAE04EC0-301F-11D3-BF4B-00C04F79EFBC}") = "Ghostware.GPS.NET.UnitTests", "Ghostware.GPS.NET.UnitTests\Ghostware.GPS.NET.UnitTests.csproj", "{687F1BB3-0D9A-424D-B1FB-776C2157601E}"
EndProject
Global
	GlobalSection(SolutionConfigurationPlatforms) = preSolution
		Debug|Any CPU = Debug|Any CPU
		Release|Any CPU = Release|Any CPU
	EndGlobalSection
	GlobalSection(ProjectConfigurationPlatforms) = postSolution
		{D75428E8-CF1A-4B5A-8ECC-0F82C8A43DFC}.Debug|Any CPU.ActiveCfg = Debug|Any CPU
		{D75428E8-CF1A-4B5A-8ECC-0F82C8A43DFC}.Debug|Any CPU.Build.0 = Debug|Any CPU
		{D75428E8-CF1A-4B5A-8ECC-0F82C8A43DFC}.Release|Any CPU.ActiveCfg = Release|Any CPU
		{D75428E8-CF1A-4B5A-8ECC-0F82C8A43DFC}.Release|Any CPU.Build.0 = Release|Any CPU
		{CFBDB710-C75D-4DDF-94D2-8855FA6F9F07}.Debug|Any CPU.ActiveCfg = Debug|Any CPU
		{CFBDB710-C75D-4DDF-94D2-8855FA6F9F07}.Debug|Any CPU.Build.0 = Debug|Any CPU
		{CFBDB710-C75D-4DDF-94D2-8855FA6F9F07}.Release|Any CPU.ActiveCfg = Release|Any CPU
		{CFBDB710-C75D-4DDF-94D2-8855FA6F9F07}.Release|Any CPU.Build.0 = Release|Any CPU
		{8743B04E-A244-4FCD-A78A-BED5C66033D9}.Debug|Any CPU.ActiveCfg = Debug|Any CPU
		{8743B04E-A244-4FCD-A78A-BED5C66033D9}.Debug|Any CPU.Build.0 = Debug|Any CPU
		{8743B04E-A244-4FCD-A78A-BED5C66033D9}.Release|Any CPU.ActiveCfg = Release|Any CPU
		{8743B04E-A244-4FCD-A78A-BED5C66033D9}.Release|Any CPU.Build.0 = Release|Any CPU
		{A5ABDCCF-ECA9-4C69-9B89-63C4432D9E07}.Debug|Any CPU.ActiveCfg = Debug|Any CPU
		{A5ABDCCF-ECA9-4C69-9B89-63C4432D9E07}.Debug|Any CPU.Build.0 = Debug|Any CPU
		{A5ABDCCF-ECA9-4C69-9B89-63C4432D9E07}.Release|Any CPU.ActiveCfg = Release|Any CPU
		{A5ABDCCF-ECA9-4C69-9B89-63C4432D9E07}.Release|Any CPU.Build.0 = Release|Any CPU
		{687F1BB3-0D9A-424D-B1FB-776C2157601E}.Debug|Any CPU.ActiveCfg = Debug|Any CPU
		{687F1BB3-0D9A-424D-B1FB-776C2157601E}.Debug|Any CPU.Build.0 = Debug|Any CPU
		{687F1BB3-0D9A-424D-B1FB-776C2157601E}.Release|Any CPU.ActiveCfg = Release|Any CPU
		{687F1BB3-0D9A-424D-B1FB-776C2157601E}.Release|Any CPU.Build.0 = Release|Any CPU
	EndGlobalSection
	GlobalSection(SolutionProperties) = preSolution
		HideSolutionNode = FALSE
	EndGlobalSection
EndGlobal
